
Microsoft Visual Studio Solution File, Format Version 11.00
# Visual Studio 2010
Project("{FAE04EC0-301F-11D3-BF4B-00C04F79EFBC}") = "EspNeat", "Assembly-CSharp.csproj", "{FC941F35-25A3-D7BD-E6A6-7D8B52799206}"
EndProject
Project("{FAE04EC0-301F-11D3-BF4B-00C04F79EFBC}") = "EspNeat", "Assembly-UnityScript.unityproj", "{A9504FEF-4824-8F91-032B-6B0766197590}"
EndProject
Global
	GlobalSection(SolutionConfigurationPlatforms) = preSolution
		Debug|Any CPU = Debug|Any CPU
		Release|Any CPU = Release|Any CPU
	EndGlobalSection
	GlobalSection(ProjectConfigurationPlatforms) = postSolution
		{FC941F35-25A3-D7BD-E6A6-7D8B52799206}.Debug|Any CPU.ActiveCfg = Debug|Any CPU
		{FC941F35-25A3-D7BD-E6A6-7D8B52799206}.Debug|Any CPU.Build.0 = Debug|Any CPU
		{FC941F35-25A3-D7BD-E6A6-7D8B52799206}.Release|Any CPU.ActiveCfg = Release|Any CPU
		{FC941F35-25A3-D7BD-E6A6-7D8B52799206}.Release|Any CPU.Build.0 = Release|Any CPU
		{A9504FEF-4824-8F91-032B-6B0766197590}.Debug|Any CPU.ActiveCfg = Debug|Any CPU
		{A9504FEF-4824-8F91-032B-6B0766197590}.Debug|Any CPU.Build.0 = Debug|Any CPU
		{A9504FEF-4824-8F91-032B-6B0766197590}.Release|Any CPU.ActiveCfg = Release|Any CPU
		{A9504FEF-4824-8F91-032B-6B0766197590}.Release|Any CPU.Build.0 = Release|Any CPU
	EndGlobalSection
	GlobalSection(SolutionProperties) = preSolution
		HideSolutionNode = FALSE
	EndGlobalSection
	GlobalSection(MonoDevelopProperties) = preSolution
		StartupItem = Assembly-CSharp.csproj
	EndGlobalSection
EndGlobal
